{
  "name": "patchbay-remfs-server",
  "version": "0.2.0",
  "lockfileVersion": 1,
  "requires": true,
  "dependencies": {
    "patchbay-http": {
      "version": "0.5.0",
      "resolved": "https://registry.npmjs.org/patchbay-http/-/patchbay-http-0.5.0.tgz",
      "integrity": "sha512-n3caT7NBMFpvYsRzf4qxOcKO53PSEe2BzF1c1kmILMhMWzHGh07acf/57cFzD2t4z2YaO8TSioKfgcXlUDpdNw=="
    },
    "remfs-server": {
      "version": "0.4.0",
      "resolved": "https://registry.npmjs.org/remfs-server/-/remfs-server-0.4.0.tgz",
      "integrity": "sha512-eQmI31HoPN3zlBeUGqIVo4nh7rl9FE3kSOl7fJKvgytQSnHNUE4PkLad9proDJQe7+O9yY56JYXcD0PU6tvCVw=="
    }
  }
}
