{
  "name": "patchbay-remfs-server",
  "version": "0.1.0",
  "lockfileVersion": 1,
  "requires": true,
  "dependencies": {
    "patchbay-http": {
      "version": "0.4.0",
      "resolved": "https://registry.npmjs.org/patchbay-http/-/patchbay-http-0.4.0.tgz",
      "integrity": "sha512-3H9DYSiFqs4T959JOG/8AbM1QwNk8y1W0i3K3/gI12bnZLPSe/6VR1NBWHT5LHqZ5kL+/SBn/N40qVkXLOJNzQ=="
    },
    "remfs-server": {
      "version": "0.3.0",
      "resolved": "https://registry.npmjs.org/remfs-server/-/remfs-server-0.3.0.tgz",
      "integrity": "sha512-kbCfH3pe+zi2++dBODnJztQyWtbp3KWOK6MTX0KtK57wdlhdaUS9Y0F3Tbi6/sM6osKXkT08Lfs01OEp10M95A=="
    }
  }
}
